
Microsoft Visual Studio Solution File, Format Version 12.00
# Visual Studio Version 16
VisualStudioVersion = 16.0.30320.27
MinimumVisualStudioVersion = 10.0.40219.1
Project("{FAE04EC0-301F-11D3-BF4B-00C04F79EFBC}") = "QuanLiBanHang", "QuanLiBanHang.csproj", "{BD47B19F-5F4F-4313-B349-411A1AC52719}"
EndProject
Global
	GlobalSection(SolutionConfigurationPlatforms) = preSolution
		Debug|Any CPU = Debug|Any CPU
		Release|Any CPU = Release|Any CPU
	EndGlobalSection
	GlobalSection(ProjectConfigurationPlatforms) = postSolution
		{BD47B19F-5F4F-4313-B349-411A1AC52719}.Debug|Any CPU.ActiveCfg = Debug|Any CPU
		{BD47B19F-5F4F-4313-B349-411A1AC52719}.Debug|Any CPU.Build.0 = Debug|Any CPU
		{BD47B19F-5F4F-4313-B349-411A1AC52719}.Release|Any CPU.ActiveCfg = Release|Any CPU
		{BD47B19F-5F4F-4313-B349-411A1AC52719}.Release|Any CPU.Build.0 = Release|Any CPU
	EndGlobalSection
	GlobalSection(SolutionProperties) = preSolution
		HideSolutionNode = FALSE
	EndGlobalSection
	GlobalSection(ExtensibilityGlobals) = postSolution
		SolutionGuid = {39038130-FF2A-40BA-9A3C-BCE73E55A80C}
	EndGlobalSection
EndGlobal
